
Microsoft Visual Studio Solution File, Format Version 12.00
# Visual Studio 15
VisualStudioVersion = 15.0.28307.421
MinimumVisualStudioVersion = 10.0.40219.1
Project("{9A19103F-16F7-4668-BE54-9A1E7A4F7556}") = "OrderService", "OrderService\OrderService.csproj", "{22CC47DD-B940-417C-9673-C6EE96F8FB37}"
EndProject
Project("{9A19103F-16F7-4668-BE54-9A1E7A4F7556}") = "Utilities", "..\common\Utilities.csproj", "{A9C1682E-8701-44E0-A70D-0ACE8056813F}"
EndProject
Global
	GlobalSection(SolutionConfigurationPlatforms) = preSolution
		Debug|Any CPU = Debug|Any CPU
		Release|Any CPU = Release|Any CPU
	EndGlobalSection
	GlobalSection(ProjectConfigurationPlatforms) = postSolution
		{22CC47DD-B940-417C-9673-C6EE96F8FB37}.Debug|Any CPU.ActiveCfg = Debug|Any CPU
		{22CC47DD-B940-417C-9673-C6EE96F8FB37}.Debug|Any CPU.Build.0 = Debug|Any CPU
		{22CC47DD-B940-417C-9673-C6EE96F8FB37}.Release|Any CPU.ActiveCfg = Release|Any CPU
		{22CC47DD-B940-417C-9673-C6EE96F8FB37}.Release|Any CPU.Build.0 = Release|Any CPU
		{A9C1682E-8701-44E0-A70D-0ACE8056813F}.Debug|Any CPU.ActiveCfg = Debug|Any CPU
		{A9C1682E-8701-44E0-A70D-0ACE8056813F}.Debug|Any CPU.Build.0 = Debug|Any CPU
		{A9C1682E-8701-44E0-A70D-0ACE8056813F}.Release|Any CPU.ActiveCfg = Release|Any CPU
		{A9C1682E-8701-44E0-A70D-0ACE8056813F}.Release|Any CPU.Build.0 = Release|Any CPU
	EndGlobalSection
	GlobalSection(SolutionProperties) = preSolution
		HideSolutionNode = FALSE
	EndGlobalSection
	GlobalSection(ExtensibilityGlobals) = postSolution
		SolutionGuid = {AE850668-E75F-4B77-B778-1799143686F4}
	EndGlobalSection
EndGlobal
